// !$*UTF8*$!
{
	archiveVersion = 1;
	classes = {
	};
	objectVersion = 50;
	objects = {

/* Begin PBXBuildFile section */
		118AC145250F9C1F00797E1E /* AppDelegate.swift in Sources */ = {isa = PBXBuildFile; fileRef = 118AC144250F9C1F00797E1E /* AppDelegate.swift */; };
		118AC147250F9C1F00797E1E /* SceneDelegate.swift in Sources */ = {isa = PBXBuildFile; fileRef = 118AC146250F9C1F00797E1E /* SceneDelegate.swift */; };
		118AC149250F9C1F00797E1E /* ViewController.swift in Sources */ = {isa = PBXBuildFile; fileRef = 118AC148250F9C1F00797E1E /* ViewController.swift */; };
		118AC14C250F9C1F00797E1E /* Main.storyboard in Resources */ = {isa = PBXBuildFile; fileRef = 118AC14A250F9C1F00797E1E /* Main.storyboard */; };
		118AC14E250F9C2400797E1E /* Assets.xcassets in Resources */ = {isa = PBXBuildFile; fileRef = 118AC14D250F9C2400797E1E /* Assets.xcassets */; };
		118AC151250F9C2400797E1E /* LaunchScreen.storyboard in Resources */ = {isa = PBXBuildFile; fileRef = 118AC14F250F9C2400797E1E /* LaunchScreen.storyboard */; };
		118AC15C250F9C2500797E1E /* CountTests.swift in Sources */ = {isa = PBXBuildFile; fileRef = 118AC15B250F9C2500797E1E /* CountTests.swift */; };
		118AC167250F9C2500797E1E /* CountUITests.swift in Sources */ = {isa = PBXBuildFile; fileRef = 118AC166250F9C2500797E1E /* CountUITests.swift */; };
/* End PBXBuildFile section */

/* Begin PBXContainerItemProxy section */
		118AC158250F9C2500797E1E /* PBXContainerItemProxy */ = {
			isa = PBXContainerItemProxy;
			containerPortal = 118AC139250F9C1F00797E1E /* Project object */;
			proxyType = 1;
			remoteGlobalIDString = 118AC140250F9C1F00797E1E;
			remoteInfo = Count;
		};
		118AC163250F9C2500797E1E /* PBXContainerItemProxy */ = {
			isa = PBXContainerItemProxy;
			containerPortal = 118AC139250F9C1F00797E1E /* Project object */;
			proxyType = 1;
			remoteGlobalIDString = 118AC140250F9C1F00797E1E;
			remoteInfo = Count;
		};
/* End PBXContainerItemProxy section */

/* Begin PBXFileReference section */
		118AC141250F9C1F00797E1E /* Count.app */ = {isa = PBXFileReference; explicitFileType = wrapper.application; includeInIndex = 0; path = Count.app; sourceTree = BUILT_PRODUCTS_DIR; };
		118AC144250F9C1F00797E1E /* AppDelegate.swift */ = {isa = PBXFileReference; lastKnownFileType = sourcecode.swift; path = AppDelegate.swift; sourceTree = "<group>"; };
		118AC146250F9C1F00797E1E /* SceneDelegate.swift */ = {isa = PBXFileReference; lastKnownFileType = sourcecode.swift; path = SceneDelegate.swift; sourceTree = "<group>"; };
		118AC148250F9C1F00797E1E /* ViewController.swift */ = {isa = PBXFileReference; lastKnownFileType = sourcecode.swift; path = ViewController.swift; sourceTree = "<group>"; };
		118AC14B250F9C1F00797E1E /* Base */ = {isa = PBXFileReference; lastKnownFileType = file.storyboard; name = Base; path = Base.lproj/Main.storyboard; sourceTree = "<group>"; };
		118AC14D250F9C2400797E1E /* Assets.xcassets */ = {isa = PBXFileReference; lastKnownFileType = folder.assetcatalog; path = Assets.xcassets; sourceTree = "<group>"; };
		118AC150250F9C2400797E1E /* Base */ = {isa = PBXFileReference; lastKnownFileType = file.storyboard; name = Base; path = Base.lproj/LaunchScreen.storyboard; sourceTree = "<group>"; };
		118AC152250F9C2400797E1E /* Info.plist */ = {isa = PBXFileReference; lastKnownFileType = text.plist.xml; path = Info.plist; sourceTree = "<group>"; };
		118AC157250F9C2500797E1E /* CountTests.xctest */ = {isa = PBXFileReference; explicitFileType = wrapper.cfbundle; includeInIndex = 0; path = CountTests.xctest; sourceTree = BUILT_PRODUCTS_DIR; };
		118AC15B250F9C2500797E1E /* CountTests.swift */ = {isa = PBXFileReference; lastKnownFileType = sourcecode.swift; path = CountTests.swift; sourceTree = "<group>"; };
		118AC15D250F9C2500797E1E /* Info.plist */ = {isa = PBXFileReference; lastKnownFileType = text.plist.xml; path = Info.plist; sourceTree = "<group>"; };
		118AC162250F9C2500797E1E /* CountUITests.xctest */ = {isa = PBXFileReference; explicitFileType = wrapper.cfbundle; includeInIndex = 0; path = CountUITests.xctest; sourceTree = BUILT_PRODUCTS_DIR; };
		118AC166250F9C2500797E1E /* CountUITests.swift */ = {isa = PBXFileReference; lastKnownFileType = sourcecode.swift; path = CountUITests.swift; sourceTree = "<group>"; };
		118AC168250F9C2500797E1E /* Info.plist */ = {isa = PBXFileReference; lastKnownFileType = text.plist.xml; path = Info.plist; sourceTree = "<group>"; };
/* End PBXFileReference section */

/* Begin PBXFrameworksBuildPhase section */
		118AC13E250F9C1F00797E1E /* Frameworks */ = {
			isa = PBXFrameworksBuildPhase;
			buildActionMask = 2147483647;
			files = (
			);
			runOnlyForDeploymentPostprocessing = 0;
		};
		118AC154250F9C2500797E1E /* Frameworks */ = {
			isa = PBXFrameworksBuildPhase;
			buildActionMask = 2147483647;
			files = (
			);
			runOnlyForDeploymentPostprocessing = 0;
		};
		118AC15F250F9C2500797E1E /* Frameworks */ = {
			isa = PBXFrameworksBuildPhase;
			buildActionMask = 2147483647;
			files = (
			);
			runOnlyForDeploymentPostprocessing = 0;
		};
/* End PBXFrameworksBuildPhase section */

/* Begin PBXGroup section */
		118AC138250F9C1F00797E1E = {
			isa = PBXGroup;
			children = (
				118AC143250F9C1F00797E1E /* Count */,
				118AC15A250F9C2500797E1E /* CountTests */,
				118AC165250F9C2500797E1E /* CountUITests */,
				118AC142250F9C1F00797E1E /* Products */,
			);
			sourceTree = "<group>";
		};
		118AC142250F9C1F00797E1E /* Products */ = {
			isa = PBXGroup;
			children = (
				118AC141250F9C1F00797E1E /* Count.app */,
				118AC157250F9C2500797E1E /* CountTests.xctest */,
				118AC162250F9C2500797E1E /* CountUITests.xctest */,
			);
			name = Products;
			sourceTree = "<group>";
		};
		118AC143250F9C1F00797E1E /* Count */ = {
			isa = PBXGroup;
			children = (
				118AC144250F9C1F00797E1E /* AppDelegate.swift */,
				118AC146250F9C1F00797E1E /* SceneDelegate.swift */,
				118AC148250F9C1F00797E1E /* ViewController.swift */,
				118AC14A250F9C1F00797E1E /* Main.storyboard */,
				118AC14D250F9C2400797E1E /* Assets.xcassets */,
				118AC14F250F9C2400797E1E /* LaunchScreen.storyboard */,
				118AC152250F9C2400797E1E /* Info.plist */,
			);
			path = Count;
			sourceTree = "<group>";
		};
		118AC15A250F9C2500797E1E /* CountTests */ = {
			isa = PBXGroup;
			children = (
				118AC15B250F9C2500797E1E /* CountTests.swift */,
				118AC15D250F9C2500797E1E /* Info.plist */,
			);
			path = CountTests;
			sourceTree = "<group>";
		};
		118AC165250F9C2500797E1E /* CountUITests */ = {
			isa = PBXGroup;
			children = (
				118AC166250F9C2500797E1E /* CountUITests.swift */,
				118AC168250F9C2500797E1E /* Info.plist */,
			);
			path = CountUITests;
			sourceTree = "<group>";
		};
/* End PBXGroup section */

/* Begin PBXNativeTarget section */
		118AC140250F9C1F00797E1E /* Count */ = {
			isa = PBXNativeTarget;
			buildConfigurationList = 118AC16B250F9C2500797E1E /* Build configuration list for PBXNativeTarget "Count" */;
			buildPhases = (
				118AC13D250F9C1F00797E1E /* Sources */,
				118AC13E250F9C1F00797E1E /* Frameworks */,
				118AC13F250F9C1F00797E1E /* Resources */,
			);
			buildRules = (
			);
			dependencies = (
			);
			name = Count;
			productName = Count;
			productReference = 118AC141250F9C1F00797E1E /* Count.app */;
			productType = "com.apple.product-type.application";
		};
		118AC156250F9C2500797E1E /* CountTests */ = {
			isa = PBXNativeTarget;
			buildConfigurationList = 118AC16E250F9C2500797E1E /* Build configuration list for PBXNativeTarget "CountTests" */;
			buildPhases = (
				118AC153250F9C2500797E1E /* Sources */,
				118AC154250F9C2500797E1E /* Frameworks */,
				118AC155250F9C2500797E1E /* Resources */,
			);
			buildRules = (
			);
			dependencies = (
				118AC159250F9C2500797E1E /* PBXTargetDependency */,
			);
			name = CountTests;
			productName = CountTests;
			productReference = 118AC157250F9C2500797E1E /* CountTests.xctest */;
			productType = "com.apple.product-type.bundle.unit-test";
		};
		118AC161250F9C2500797E1E /* CountUITests */ = {
			isa = PBXNativeTarget;
			buildConfigurationList = 118AC171250F9C2500797E1E /* Build configuration list for PBXNativeTarget "CountUITests" */;
			buildPhases = (
				118AC15E250F9C2500797E1E /* Sources */,
				118AC15F250F9C2500797E1E /* Frameworks */,
				118AC160250F9C2500797E1E /* Resources */,
			);
			buildRules = (
			);
			dependencies = (
				118AC164250F9C2500797E1E /* PBXTargetDependency */,
			);
			name = CountUITests;
			productName = CountUITests;
			productReference = 118AC162250F9C2500797E1E /* CountUITests.xctest */;
			productType = "com.apple.product-type.bundle.ui-testing";
		};
/* End PBXNativeTarget section */

/* Begin PBXProject section */
		118AC139250F9C1F00797E1E /* Project object */ = {
			isa = PBXProject;
			attributes = {
				LastSwiftUpdateCheck = 1170;
				LastUpgradeCheck = 1170;
				ORGANIZATIONNAME = "Watanabe nami";
				TargetAttributes = {
					118AC140250F9C1F00797E1E = {
						CreatedOnToolsVersion = 11.7;
					};
					118AC156250F9C2500797E1E = {
						CreatedOnToolsVersion = 11.7;
						TestTargetID = 118AC140250F9C1F00797E1E;
					};
					118AC161250F9C2500797E1E = {
						CreatedOnToolsVersion = 11.7;
						TestTargetID = 118AC140250F9C1F00797E1E;
					};
				};
			};
			buildConfigurationList = 118AC13C250F9C1F00797E1E /* Build configuration list for PBXProject "Count" */;
			compatibilityVersion = "Xcode 9.3";
			developmentRegion = en;
			hasScannedForEncodings = 0;
			knownRegions = (
				en,
				Base,
			);
			mainGroup = 118AC138250F9C1F00797E1E;
			productRefGroup = 118AC142250F9C1F00797E1E /* Products */;
			projectDirPath = "";
			projectRoot = "";
			targets = (
				118AC140250F9C1F00797E1E /* Count */,
				118AC156250F9C2500797E1E /* CountTests */,
				118AC161250F9C2500797E1E /* CountUITests */,
			);
		};
/* End PBXProject section */

/* Begin PBXResourcesBuildPhase section */
		118AC13F250F9C1F00797E1E /* Resources */ = {
			isa = PBXResourcesBuildPhase;
			buildActionMask = 2147483647;
			files = (
				118AC151250F9C2400797E1E /* LaunchScreen.storyboard in Resources */,
				118AC14E250F9C2400797E1E /* Assets.xcassets in Resources */,
				118AC14C250F9C1F00797E1E /* Main.storyboard in Resources */,
			);
			runOnlyForDeploymentPostprocessing = 0;
		};
		118AC155250F9C2500797E1E /* Resources */ = {
			isa = PBXResourcesBuildPhase;
			buildActionMask = 2147483647;
			files = (
			);
			runOnlyForDeploymentPostprocessing = 0;
		};
		118AC160250F9C2500797E1E /* Resources */ = {
			isa = PBXResourcesBuildPhase;
			buildActionMask = 2147483647;
			files = (
			);
			runOnlyForDeploymentPostprocessing = 0;
		};
/* End PBXResourcesBuildPhase section */

/* Begin PBXSourcesBuildPhase section */
		118AC13D250F9C1F00797E1E /* Sources */ = {
			isa = PBXSourcesBuildPhase;
			buildActionMask = 2147483647;
			files = (
				118AC149250F9C1F00797E1E /* ViewController.swift in Sources */,
				118AC145250F9C1F00797E1E /* AppDelegate.swift in Sources */,
				118AC147250F9C1F00797E1E /* SceneDelegate.swift in Sources */,
			);
			runOnlyForDeploymentPostprocessing = 0;
		};
		118AC153250F9C2500797E1E /* Sources */ = {
			isa = PBXSourcesBuildPhase;
			buildActionMask = 2147483647;
			files = (
				118AC15C250F9C2500797E1E /* CountTests.swift in Sources */,
			);
			runOnlyForDeploymentPostprocessing = 0;
		};
		118AC15E250F9C2500797E1E /* Sources */ = {
			isa = PBXSourcesBuildPhase;
			buildActionMask = 2147483647;
			files = (
				118AC167250F9C2500797E1E /* CountUITests.swift in Sources */,
			);
			runOnlyForDeploymentPostprocessing = 0;
		};
/* End PBXSourcesBuildPhase section */

/* Begin PBXTargetDependency section */
		118AC159250F9C2500797E1E /* PBXTargetDependency */ = {
			isa = PBXTargetDependency;
			target = 118AC140250F9C1F00797E1E /* Count */;
			targetProxy = 118AC158250F9C2500797E1E /* PBXContainerItemProxy */;
		};
		118AC164250F9C2500797E1E /* PBXTargetDependency */ = {
			isa = PBXTargetDependency;
			target = 118AC140250F9C1F00797E1E /* Count */;
			targetProxy = 118AC163250F9C2500797E1E /* PBXContainerItemProxy */;
		};
/* End PBXTargetDependency section */

/* Begin PBXVariantGroup section */
		118AC14A250F9C1F00797E1E /* Main.storyboard */ = {
			isa = PBXVariantGroup;
			children = (
				118AC14B250F9C1F00797E1E /* Base */,
			);
			name = Main.storyboard;
			sourceTree = "<group>";
		};
		118AC14F250F9C2400797E1E /* LaunchScreen.storyboard */ = {
			isa = PBXVariantGroup;
			children = (
				118AC150250F9C2400797E1E /* Base */,
			);
			name = LaunchScreen.storyboard;
			sourceTree = "<group>";
		};
/* End PBXVariantGroup section */

/* Begin XCBuildConfiguration section */
		118AC169250F9C2500797E1E /* Debug */ = {
			isa = XCBuildConfiguration;
			buildSettings = {
				ALWAYS_SEARCH_USER_PATHS = NO;
				CLANG_ANALYZER_NONNULL = YES;
				CLANG_ANALYZER_NUMBER_OBJECT_CONVERSION = YES_AGGRESSIVE;
				CLANG_CXX_LANGUAGE_STANDARD = "gnu++14";
				CLANG_CXX_LIBRARY = "libc++";
				CLANG_ENABLE_MODULES = YES;
				CLANG_ENABLE_OBJC_ARC = YES;
				CLANG_ENABLE_OBJC_WEAK = YES;
				CLANG_WARN_BLOCK_CAPTURE_AUTORELEASING = YES;
				CLANG_WARN_BOOL_CONVERSION = YES;
				CLANG_WARN_COMMA = YES;
				CLANG_WARN_CONSTANT_CONVERSION = YES;
				CLANG_WARN_DEPRECATED_OBJC_IMPLEMENTATIONS = YES;
				CLANG_WARN_DIRECT_OBJC_ISA_USAGE = YES_ERROR;
				CLANG_WARN_DOCUMENTATION_COMMENTS = YES;
				CLANG_WARN_EMPTY_BODY = YES;
				CLANG_WARN_ENUM_CONVERSION = YES;
				CLANG_WARN_INFINITE_RECURSION = YES;
				CLANG_WARN_INT_CONVERSION = YES;
				CLANG_WARN_NON_LITERAL_NULL_CONVERSION = YES;
				CLANG_WARN_OBJC_IMPLICIT_RETAIN_SELF = YES;
				CLANG_WARN_OBJC_LITERAL_CONVERSION = YES;
				CLANG_WARN_OBJC_ROOT_CLASS = YES_ERROR;
				CLANG_WARN_RANGE_LOOP_ANALYSIS = YES;
				CLANG_WARN_STRICT_PROTOTYPES = YES;
				CLANG_WARN_SUSPICIOUS_MOVE = YES;
				CLANG_WARN_UNGUARDED_AVAILABILITY = YES_AGGRESSIVE;
				CLANG_WARN_UNREACHABLE_CODE = YES;
				CLANG_WARN__DUPLICATE_METHOD_MATCH = YES;
				COPY_PHASE_STRIP = NO;
				DEBUG_INFORMATION_FORMAT = dwarf;
				ENABLE_STRICT_OBJC_MSGSEND = YES;
				ENABLE_TESTABILITY = YES;
				GCC_C_LANGUAGE_STANDARD = gnu11;
				GCC_DYNAMIC_NO_PIC = NO;
				GCC_NO_COMMON_BLOCKS = YES;
				GCC_OPTIMIZATION_LEVEL = 0;
				GCC_PREPROCESSOR_DEFINITIONS = (
					"DEBUG=1",
					"$(inherited)",
				);
				GCC_WARN_64_TO_32_BIT_CONVERSION = YES;
				GCC_WARN_ABOUT_RETURN_TYPE = YES_ERROR;
				GCC_WARN_UNDECLARED_SELECTOR = YES;
				GCC_WARN_UNINITIALIZED_AUTOS = YES_AGGRESSIVE;
				GCC_WARN_UNUSED_FUNCTION = YES;
				GCC_WARN_UNUSED_VARIABLE = YES;
				IPHONEOS_DEPLOYMENT_TARGET = 13.7;
				MTL_ENABLE_DEBUG_INFO = INCLUDE_SOURCE;
				MTL_FAST_MATH = YES;
				ONLY_ACTIVE_ARCH = YES;
				SDKROOT = iphoneos;
				SWIFT_ACTIVE_COMPILATION_CONDITIONS = DEBUG;
				SWIFT_OPTIMIZATION_LEVEL = "-Onone";
			};
			name = Debug;
		};
		118AC16A250F9C2500797E1E /* Release */ = {
			isa = XCBuildConfiguration;
			buildSettings = {
				ALWAYS_SEARCH_USER_PATHS = NO;
				CLANG_ANALYZER_NONNULL = YES;
				CLANG_ANALYZER_NUMBER_OBJECT_CONVERSION = YES_AGGRESSIVE;
				CLANG_CXX_LANGUAGE_STANDARD = "gnu++14";
				CLANG_CXX_LIBRARY = "libc++";
				CLANG_ENABLE_MODULES = YES;
				CLANG_ENABLE_OBJC_ARC = YES;
				CLANG_ENABLE_OBJC_WEAK = YES;
				CLANG_WARN_BLOCK_CAPTURE_AUTORELEASING = YES;
				CLANG_WARN_BOOL_CONVERSION = YES;
				CLANG_WARN_COMMA = YES;
				CLANG_WARN_CONSTANT_CONVERSION = YES;
				CLANG_WARN_DEPRECATED_OBJC_IMPLEMENTATIONS = YES;
				CLANG_WARN_DIRECT_OBJC_ISA_USAGE = YES_ERROR;
				CLANG_WARN_DOCUMENTATION_COMMENTS = YES;
				CLANG_WARN_EMPTY_BODY = YES;
				CLANG_WARN_ENUM_CONVERSION = YES;
				CLANG_WARN_INFINITE_RECURSION = YES;
				CLANG_WARN_INT_CONVERSION = YES;
				CLANG_WARN_NON_LITERAL_NULL_CONVERSION = YES;
				CLANG_WARN_OBJC_IMPLICIT_RETAIN_SELF = YES;
				CLANG_WARN_OBJC_LITERAL_CONVERSION = YES;
				CLANG_WARN_OBJC_ROOT_CLASS = YES_ERROR;
				CLANG_WARN_RANGE_LOOP_ANALYSIS = YES;
				CLANG_WARN_STRICT_PROTOTYPES = YES;
				CLANG_WARN_SUSPICIOUS_MOVE = YES;
				CLANG_WARN_UNGUARDED_AVAILABILITY = YES_AGGRESSIVE;
				CLANG_WARN_UNREACHABLE_CODE = YES;
				CLANG_WARN__DUPLICATE_METHOD_MATCH = YES;
				COPY_PHASE_STRIP = NO;
				DEBUG_INFORMATION_FORMAT = "dwarf-with-dsym";
				ENABLE_NS_ASSERTIONS = NO;
				ENABLE_STRICT_OBJC_MSGSEND = YES;
				GCC_C_LANGUAGE_STANDARD = gnu11;
				GCC_NO_COMMON_BLOCKS = YES;
				GCC_WARN_64_TO_32_BIT_CONVERSION = YES;
				GCC_WARN_ABOUT_RETURN_TYPE = YES_ERROR;
				GCC_WARN_UNDECLARED_SELECTOR = YES;
				GCC_WARN_UNINITIALIZED_AUTOS = YES_AGGRESSIVE;
				GCC_WARN_UNUSED_FUNCTION = YES;
				GCC_WARN_UNUSED_VARIABLE = YES;
				IPHONEOS_DEPLOYMENT_TARGET = 13.7;
				MTL_ENABLE_DEBUG_INFO = NO;
				MTL_FAST_MATH = YES;
				SDKROOT = iphoneos;
				SWIFT_COMPILATION_MODE = wholemodule;
				SWIFT_OPTIMIZATION_LEVEL = "-O";
				VALIDATE_PRODUCT = YES;
			};
			name = Release;
		};
		118AC16C250F9C2500797E1E /* Debug */ = {
			isa = XCBuildConfiguration;
			buildSettings = {
				ASSETCATALOG_COMPILER_APPICON_NAME = AppIcon;
				CODE_SIGN_STYLE = Automatic;
				DEVELOPMENT_TEAM = 7879393RUF;
				INFOPLIST_FILE = Count/Info.plist;
				LD_RUNPATH_SEARCH_PATHS = (
					"$(inherited)",
					"@executable_path/Frameworks",
				);
				PRODUCT_BUNDLE_IDENTIFIER = app.watanabe.nami.Count;
				PRODUCT_NAME = "$(TARGET_NAME)";
				SWIFT_VERSION = 5.0;
				TARGETED_DEVICE_FAMILY = "1,2";
			};
			name = Debug;
		};
		118AC16D250F9C2500797E1E /* Release */ = {
			isa = XCBuildConfiguration;
			buildSettings = {
				ASSETCATALOG_COMPILER_APPICON_NAME = AppIcon;
				CODE_SIGN_STYLE = Automatic;
				DEVELOPMENT_TEAM = 7879393RUF;
				INFOPLIST_FILE = Count/Info.plist;
				LD_RUNPATH_SEARCH_PATHS = (
					"$(inherited)",
					"@executable_path/Frameworks",
				);
				PRODUCT_BUNDLE_IDENTIFIER = app.watanabe.nami.Count;
				PRODUCT_NAME = "$(TARGET_NAME)";
				SWIFT_VERSION = 5.0;
				TARGETED_DEVICE_FAMILY = "1,2";
			};
			name = Release;
		};
		118AC16F250F9C2500797E1E /* Debug */ = {
			isa = XCBuildConfiguration;
			buildSettings = {
				ALWAYS_EMBED_SWIFT_STANDARD_LIBRARIES = YES;
				BUNDLE_LOADER = "$(TEST_HOST)";
				CODE_SIGN_STYLE = Automatic;
				DEVELOPMENT_TEAM = 7879393RUF;
				INFOPLIST_FILE = CountTests/Info.plist;
				IPHONEOS_DEPLOYMENT_TARGET = 13.7;
				LD_RUNPATH_SEARCH_PATHS = (
					"$(inherited)",
					"@executable_path/Frameworks",
					"@loader_path/Frameworks",
				);
				PRODUCT_BUNDLE_IDENTIFIER = app.watanabe.nami.CountTests;
				PRODUCT_NAME = "$(TARGET_NAME)";
				SWIFT_VERSION = 5.0;
				TARGETED_DEVICE_FAMILY = "1,2";
				TEST_HOST = "$(BUILT_PRODUCTS_DIR)/Count.app/Count";
			};
			name = Debug;
		};
		118AC170250F9C2500797E1E /* Release */ = {
			isa = XCBuildConfiguration;
			buildSettings = {
				ALWAYS_EMBED_SWIFT_STANDARD_LIBRARIES = YES;
				BUNDLE_LOADER = "$(TEST_HOST)";
				CODE_SIGN_STYLE = Automatic;
				DEVELOPMENT_TEAM = 7879393RUF;
				INFOPLIST_FILE = CountTests/Info.plist;
				IPHONEOS_DEPLOYMENT_TARGET = 13.7;
				LD_RUNPATH_SEARCH_PATHS = (
					"$(inherited)",
					"@executable_path/Frameworks",
					"@loader_path/Frameworks",
				);
				PRODUCT_BUNDLE_IDENTIFIER = app.watanabe.nami.CountTests;
				PRODUCT_NAME = "$(TARGET_NAME)";
				SWIFT_VERSION = 5.0;
				TARGETED_DEVICE_FAMILY = "1,2";
				TEST_HOST = "$(BUILT_PRODUCTS_DIR)/Count.app/Count";
			};
			name = Release;
		};
		118AC172250F9C2500797E1E /* Debug */ = {
			isa = XCBuildConfiguration;
			buildSettings = {
				ALWAYS_EMBED_SWIFT_STANDARD_LIBRARIES = YES;
				CODE_SIGN_STYLE = Automatic;
				DEVELOPMENT_TEAM = 7879393RUF;
				INFOPLIST_FILE = CountUITests/Info.plist;
				LD_RUNPATH_SEARCH_PATHS = (
					"$(inherited)",
					"@executable_path/Frameworks",
					"@loader_path/Frameworks",
				);
				PRODUCT_BUNDLE_IDENTIFIER = app.watanabe.nami.CountUITests;
				PRODUCT_NAME = "$(TARGET_NAME)";
				SWIFT_VERSION = 5.0;
				TARGETED_DEVICE_FAMILY = "1,2";
				TEST_TARGET_NAME = Count;
			};
			name = Debug;
		};
		118AC173250F9C2500797E1E /* Release */ = {
			isa = XCBuildConfiguration;
			buildSettings = {
				ALWAYS_EMBED_SWIFT_STANDARD_LIBRARIES = YES;
				CODE_SIGN_STYLE = Automatic;
				DEVELOPMENT_TEAM = 7879393RUF;
				INFOPLIST_FILE = CountUITests/Info.plist;
				LD_RUNPATH_SEARCH_PATHS = (
					"$(inherited)",
					"@executable_path/Frameworks",
					"@loader_path/Frameworks",
				);
				PRODUCT_BUNDLE_IDENTIFIER = app.watanabe.nami.CountUITests;
				PRODUCT_NAME = "$(TARGET_NAME)";
				SWIFT_VERSION = 5.0;
				TARGETED_DEVICE_FAMILY = "1,2";
				TEST_TARGET_NAME = Count;
			};
			name = Release;
		};
/* End XCBuildConfiguration section */

/* Begin XCConfigurationList section */
		118AC13C250F9C1F00797E1E /* Build configuration list for PBXProject "Count" */ = {
			isa = XCConfigurationList;
			buildConfigurations = (
				118AC169250F9C2500797E1E /* Debug */,
				118AC16A250F9C2500797E1E /* Release */,
			);
			defaultConfigurationIsVisible = 0;
			defaultConfigurationName = Release;
		};
		118AC16B250F9C2500797E1E /* Build configuration list for PBXNativeTarget "Count" */ = {
			isa = XCConfigurationList;
			buildConfigurations = (
				118AC16C250F9C2500797E1E /* Debug */,
				118AC16D250F9C2500797E1E /* Release */,
			);
			defaultConfigurationIsVisible = 0;
			defaultConfigurationName = Release;
		};
		118AC16E250F9C2500797E1E /* Build configuration list for PBXNativeTarget "CountTests" */ = {
			isa = XCConfigurationList;
			buildConfigurations = (
				118AC16F250F9C2500797E1E /* Debug */,
				118AC170250F9C2500797E1E /* Release */,
			);
			defaultConfigurationIsVisible = 0;
			defaultConfigurationName = Release;
		};
		118AC171250F9C2500797E1E /* Build configuration list for PBXNativeTarget "CountUITests" */ = {
			isa = XCConfigurationList;
			buildConfigurations = (
				118AC172250F9C2500797E1E /* Debug */,
				118AC173250F9C2500797E1E /* Release */,
			);
			defaultConfigurationIsVisible = 0;
			defaultConfigurationName = Release;
		};
/* End XCConfigurationList section */
	};
	rootObject = 118AC139250F9C1F00797E1E /* Project object */;
}
